# This file is generated by running "yarn install" inside your project.
# Manual changes might be lost - proceed with caution!

__metadata:
  version: 8
  cacheKey: 10c0

"@emnapi/runtime@npm:^1.1.0":
  version: 1.1.1
  resolution: "@emnapi/runtime@npm:1.1.1"
  dependencies:
    tslib: "npm:^2.4.0"
  checksum: 10c0/c11ee57abf0ec643e64ccdace4b4fcc0b0c7b1117a191f969e84ae3669841aa90d2c17fa35b73f5a66fc0c843c8caca7bf11187faaeaa526bcfb7dbfb9b85de9
  languageName: node
  linkType: hard

"@img/sharp-darwin-arm64@npm:0.33.3":
  version: 0.33.3
  resolution: "@img/sharp-darwin-arm64@npm:0.33.3"
  dependencies:
    "@img/sharp-libvips-darwin-arm64": "npm:1.0.2"
  dependenciesMeta:
    "@img/sharp-libvips-darwin-arm64":
      optional: true
  conditions: os=darwin & cpu=arm64
  languageName: node
  linkType: hard

"@img/sharp-darwin-x64@npm:0.33.3":
  version: 0.33.3
  resolution: "@img/sharp-darwin-x64@npm:0.33.3"
  dependencies:
    "@img/sharp-libvips-darwin-x64": "npm:1.0.2"
  dependenciesMeta:
    "@img/sharp-libvips-darwin-x64":
      optional: true
  conditions: os=darwin & cpu=x64
  languageName: node
  linkType: hard

"@img/sharp-libvips-darwin-arm64@npm:1.0.2":
  version: 1.0.2
  resolution: "@img/sharp-libvips-darwin-arm64@npm:1.0.2"
  conditions: os=darwin & cpu=arm64
  languageName: node
  linkType: hard

"@img/sharp-libvips-darwin-x64@npm:1.0.2":
  version: 1.0.2
  resolution: "@img/sharp-libvips-darwin-x64@npm:1.0.2"
  conditions: os=darwin & cpu=x64
  languageName: node
  linkType: hard

"@img/sharp-libvips-linux-arm64@npm:1.0.2":
  version: 1.0.2
  resolution: "@img/sharp-libvips-linux-arm64@npm:1.0.2"
  conditions: os=linux & cpu=arm64 & libc=glibc
  languageName: node
  linkType: hard

"@img/sharp-libvips-linux-arm@npm:1.0.2":
  version: 1.0.2
  resolution: "@img/sharp-libvips-linux-arm@npm:1.0.2"
  conditions: os=linux & cpu=arm & libc=glibc
  languageName: node
  linkType: hard

"@img/sharp-libvips-linux-s390x@npm:1.0.2":
  version: 1.0.2
  resolution: "@img/sharp-libvips-linux-s390x@npm:1.0.2"
  conditions: os=linux & cpu=s390x & libc=glibc
  languageName: node
  linkType: hard

"@img/sharp-libvips-linux-x64@npm:1.0.2":
  version: 1.0.2
  resolution: "@img/sharp-libvips-linux-x64@npm:1.0.2"
  conditions: os=linux & cpu=x64 & libc=glibc
  languageName: node
  linkType: hard

"@img/sharp-libvips-linuxmusl-arm64@npm:1.0.2":
  version: 1.0.2
  resolution: "@img/sharp-libvips-linuxmusl-arm64@npm:1.0.2"
  conditions: os=linux & cpu=arm64 & libc=musl
  languageName: node
  linkType: hard

"@img/sharp-libvips-linuxmusl-x64@npm:1.0.2":
  version: 1.0.2
  resolution: "@img/sharp-libvips-linuxmusl-x64@npm:1.0.2"
  conditions: os=linux & cpu=x64 & libc=musl
  languageName: node
  linkType: hard

"@img/sharp-linux-arm64@npm:0.33.3":
  version: 0.33.3
  resolution: "@img/sharp-linux-arm64@npm:0.33.3"
  dependencies:
    "@img/sharp-libvips-linux-arm64": "npm:1.0.2"
  dependenciesMeta:
    "@img/sharp-libvips-linux-arm64":
      optional: true
  conditions: os=linux & cpu=arm64 & libc=glibc
  languageName: node
  linkType: hard

"@img/sharp-linux-arm@npm:0.33.3":
  version: 0.33.3
  resolution: "@img/sharp-linux-arm@npm:0.33.3"
  dependencies:
    "@img/sharp-libvips-linux-arm": "npm:1.0.2"
  dependenciesMeta:
    "@img/sharp-libvips-linux-arm":
      optional: true
  conditions: os=linux & cpu=arm & libc=glibc
  languageName: node
  linkType: hard

"@img/sharp-linux-s390x@npm:0.33.3":
  version: 0.33.3
  resolution: "@img/sharp-linux-s390x@npm:0.33.3"
  dependencies:
    "@img/sharp-libvips-linux-s390x": "npm:1.0.2"
  dependenciesMeta:
    "@img/sharp-libvips-linux-s390x":
      optional: true
  conditions: os=linux & cpu=s390x & libc=glibc
  languageName: node
  linkType: hard

"@img/sharp-linux-x64@npm:0.33.3":
  version: 0.33.3
  resolution: "@img/sharp-linux-x64@npm:0.33.3"
  dependencies:
    "@img/sharp-libvips-linux-x64": "npm:1.0.2"
  dependenciesMeta:
    "@img/sharp-libvips-linux-x64":
      optional: true
  conditions: os=linux & cpu=x64 & libc=glibc
  languageName: node
  linkType: hard

"@img/sharp-linuxmusl-arm64@npm:0.33.3":
  version: 0.33.3
  resolution: "@img/sharp-linuxmusl-arm64@npm:0.33.3"
  dependencies:
    "@img/sharp-libvips-linuxmusl-arm64": "npm:1.0.2"
  dependenciesMeta:
    "@img/sharp-libvips-linuxmusl-arm64":
      optional: true
  conditions: os=linux & cpu=arm64 & libc=musl
  languageName: node
  linkType: hard

"@img/sharp-linuxmusl-x64@npm:0.33.3":
  version: 0.33.3
  resolution: "@img/sharp-linuxmusl-x64@npm:0.33.3"
  dependencies:
    "@img/sharp-libvips-linuxmusl-x64": "npm:1.0.2"
  dependenciesMeta:
    "@img/sharp-libvips-linuxmusl-x64":
      optional: true
  conditions: os=linux & cpu=x64 & libc=musl
  languageName: node
  linkType: hard

"@img/sharp-wasm32@npm:0.33.3":
  version: 0.33.3
  resolution: "@img/sharp-wasm32@npm:0.33.3"
  dependencies:
    "@emnapi/runtime": "npm:^1.1.0"
  conditions: cpu=wasm32
  languageName: node
  linkType: hard

"@img/sharp-win32-ia32@npm:0.33.3":
  version: 0.33.3
  resolution: "@img/sharp-win32-ia32@npm:0.33.3"
  conditions: os=win32 & cpu=ia32
  languageName: node
  linkType: hard

"@img/sharp-win32-x64@npm:0.33.3":
  version: 0.33.3
  resolution: "@img/sharp-win32-x64@npm:0.33.3"
  conditions: os=win32 & cpu=x64
  languageName: node
  linkType: hard

"@next/env@npm:14.3.0-canary.62":
  version: 14.3.0-canary.62
  resolution: "@next/env@npm:14.3.0-canary.62"
  checksum: 10c0/4c6ee290669aa16bdba2b73fb891058eb0ee32c939cd4f7e1d53117111102f84e8334db5fd8f6c900df3dedae84618a6f2e7dd7ecfb417067a7e0d1ac15e7159
  languageName: node
  linkType: hard

"@next/swc-darwin-arm64@npm:14.3.0-canary.62":
  version: 14.3.0-canary.62
  resolution: "@next/swc-darwin-arm64@npm:14.3.0-canary.62"
  conditions: os=darwin & cpu=arm64
  languageName: node
  linkType: hard

"@next/swc-darwin-x64@npm:14.3.0-canary.62":
  version: 14.3.0-canary.62
  resolution: "@next/swc-darwin-x64@npm:14.3.0-canary.62"
  conditions: os=darwin & cpu=x64
  languageName: node
  linkType: hard

"@next/swc-linux-arm64-gnu@npm:14.3.0-canary.62":
  version: 14.3.0-canary.62
  resolution: "@next/swc-linux-arm64-gnu@npm:14.3.0-canary.62"
  conditions: os=linux & cpu=arm64 & libc=glibc
  languageName: node
  linkType: hard

"@next/swc-linux-arm64-musl@npm:14.3.0-canary.62":
  version: 14.3.0-canary.62
  resolution: "@next/swc-linux-arm64-musl@npm:14.3.0-canary.62"
  conditions: os=linux & cpu=arm64 & libc=musl
  languageName: node
  linkType: hard

"@next/swc-linux-x64-gnu@npm:14.3.0-canary.62":
  version: 14.3.0-canary.62
  resolution: "@next/swc-linux-x64-gnu@npm:14.3.0-canary.62"
  conditions: os=linux & cpu=x64 & libc=glibc
  languageName: node
  linkType: hard

"@next/swc-linux-x64-musl@npm:14.3.0-canary.62":
  version: 14.3.0-canary.62
  resolution: "@next/swc-linux-x64-musl@npm:14.3.0-canary.62"
  conditions: os=linux & cpu=x64 & libc=musl
  languageName: node
  linkType: hard

"@next/swc-win32-arm64-msvc@npm:14.3.0-canary.62":
  version: 14.3.0-canary.62
  resolution: "@next/swc-win32-arm64-msvc@npm:14.3.0-canary.62"
  conditions: os=win32 & cpu=arm64
  languageName: node
  linkType: hard

"@next/swc-win32-ia32-msvc@npm:14.3.0-canary.62":
  version: 14.3.0-canary.62
  resolution: "@next/swc-win32-ia32-msvc@npm:14.3.0-canary.62"
  conditions: os=win32 & cpu=ia32
  languageName: node
  linkType: hard

"@next/swc-win32-x64-msvc@npm:14.3.0-canary.62":
  version: 14.3.0-canary.62
  resolution: "@next/swc-win32-x64-msvc@npm:14.3.0-canary.62"
  conditions: os=win32 & cpu=x64
  languageName: node
  linkType: hard

"@swc/helpers@npm:0.5.11":
  version: 0.5.11
  resolution: "@swc/helpers@npm:0.5.11"
  dependencies:
    tslib: "npm:^2.4.0"
  checksum: 10c0/7d1987ee6b887277d373a9be8c445cd2259c3258c08b16908c06864121fd8eac8bb89b179c91b6c5395f38194a903b5772575947c7eb3ca23285152cb0f66caa
  languageName: node
  linkType: hard

"@types/node@npm:20.4.5":
  version: 20.4.5
  resolution: "@types/node@npm:20.4.5"
  checksum: 10c0/ed414b8fea1b462cb7444464e18cf0786a11def8b863bcca52b0466992d04f701422f9fc3c33e0601444bfdbf9e18d8f4b163d35902758495b51e635b09fee64
  languageName: node
  linkType: hard

"@types/prop-types@npm:*":
  version: 15.7.12
  resolution: "@types/prop-types@npm:15.7.12"
  checksum: 10c0/1babcc7db6a1177779f8fde0ccc78d64d459906e6ef69a4ed4dd6339c920c2e05b074ee5a92120fe4e9d9f1a01c952f843ebd550bee2332fc2ef81d1706878f8
  languageName: node
  linkType: hard

"@types/react@npm:18.2.18":
  version: 18.2.18
  resolution: "@types/react@npm:18.2.18"
  dependencies:
    "@types/prop-types": "npm:*"
    "@types/scheduler": "npm:*"
    csstype: "npm:^3.0.2"
  checksum: 10c0/2f544da491f7fcfa91ef172945b9b0f3ed9aff48bdf644f557cdfbef363b5891e1b1b06f3510c8f361c72523b835ed72ef0320a0d03cddbdcc37ff198c212900
  languageName: node
  linkType: hard

"@types/scheduler@npm:*":
  version: 0.23.0
  resolution: "@types/scheduler@npm:0.23.0"
  checksum: 10c0/5cf7f2ba3732b74877559eb20b19f95fcd0a20c17dcb20e75a7ca7c7369cd455aeb2d406b3ff5a38168a9750da3bad78dd20d96d11118468b78f4959b8e56090
  languageName: node
  linkType: hard

"busboy@npm:1.6.0":
  version: 1.6.0
  resolution: "busboy@npm:1.6.0"
  dependencies:
    streamsearch: "npm:^1.1.0"
  checksum: 10c0/fa7e836a2b82699b6e074393428b91ae579d4f9e21f5ac468e1b459a244341d722d2d22d10920cdd849743dbece6dca11d72de939fb75a7448825cf2babfba1f
  languageName: node
  linkType: hard

"caniuse-lite@npm:^1.0.30001579":
  version: 1.0.30001618
  resolution: "caniuse-lite@npm:1.0.30001618"
  checksum: 10c0/2e33e5e854fb6365566e2ff5ba866c877cd08ca278a2c06b9bc3346a884fc1336a0674c2a0003e7ee7a1a64e90f167ec4ad08ea14d12da5926017c92c99f82a5
  languageName: node
  linkType: hard

"client-only@npm:0.0.1":
  version: 0.0.1
  resolution: "client-only@npm:0.0.1"
  checksum: 10c0/9d6cfd0c19e1c96a434605added99dff48482152af791ec4172fb912a71cff9027ff174efd8cdb2160cc7f377543e0537ffc462d4f279bc4701de3f2a3c4b358
  languageName: node
  linkType: hard

"color-convert@npm:^2.0.1":
  version: 2.0.1
  resolution: "color-convert@npm:2.0.1"
  dependencies:
    color-name: "npm:~1.1.4"
  checksum: 10c0/37e1150172f2e311fe1b2df62c6293a342ee7380da7b9cfdba67ea539909afbd74da27033208d01d6d5cfc65ee7868a22e18d7e7648e004425441c0f8a15a7d7
  languageName: node
  linkType: hard

"color-name@npm:^1.0.0, color-name@npm:~1.1.4":
  version: 1.1.4
  resolution: "color-name@npm:1.1.4"
  checksum: 10c0/a1a3f914156960902f46f7f56bc62effc6c94e84b2cae157a526b1c1f74b677a47ec602bf68a61abfa2b42d15b7c5651c6dbe72a43af720bc588dff885b10f95
  languageName: node
  linkType: hard

"color-string@npm:^1.9.0":
  version: 1.9.1
  resolution: "color-string@npm:1.9.1"
  dependencies:
    color-name: "npm:^1.0.0"
    simple-swizzle: "npm:^0.2.2"
  checksum: 10c0/b0bfd74c03b1f837f543898b512f5ea353f71630ccdd0d66f83028d1f0924a7d4272deb278b9aef376cacf1289b522ac3fb175e99895283645a2dc3a33af2404
  languageName: node
  linkType: hard

"color@npm:^4.2.3":
  version: 4.2.3
  resolution: "color@npm:4.2.3"
  dependencies:
    color-convert: "npm:^2.0.1"
    color-string: "npm:^1.9.0"
  checksum: 10c0/7fbe7cfb811054c808349de19fb380252e5e34e61d7d168ec3353e9e9aacb1802674bddc657682e4e9730c2786592a4de6f8283e7e0d3870b829bb0b7b2f6118
  languageName: node
  linkType: hard

"csstype@npm:^3.0.2":
  version: 3.1.3
  resolution: "csstype@npm:3.1.3"
  checksum: 10c0/80c089d6f7e0c5b2bd83cf0539ab41474198579584fa10d86d0cafe0642202343cbc119e076a0b1aece191989477081415d66c9fefbf3c957fc2fc4b7009f248
  languageName: node
  linkType: hard

"detect-libc@npm:^2.0.3":
  version: 2.0.3
  resolution: "detect-libc@npm:2.0.3"
  checksum: 10c0/88095bda8f90220c95f162bf92cad70bd0e424913e655c20578600e35b91edc261af27531cf160a331e185c0ced93944bc7e09939143225f56312d7fd800fdb7
  languageName: node
  linkType: hard

"graceful-fs@npm:^4.2.11":
  version: 4.2.11
  resolution: "graceful-fs@npm:4.2.11"
  checksum: 10c0/386d011a553e02bc594ac2ca0bd6d9e4c22d7fa8cfbfc448a6d148c59ea881b092db9dbe3547ae4b88e55f1b01f7c4a2ecc53b310c042793e63aa44cf6c257f2
  languageName: node
  linkType: hard

"is-arrayish@npm:^0.3.1":
  version: 0.3.2
  resolution: "is-arrayish@npm:0.3.2"
  checksum: 10c0/f59b43dc1d129edb6f0e282595e56477f98c40278a2acdc8b0a5c57097c9eff8fe55470493df5775478cf32a4dc8eaf6d3a749f07ceee5bc263a78b2434f6a54
  languageName: node
  linkType: hard

"nanoid@npm:^3.3.6":
  version: 3.3.8
  resolution: "nanoid@npm:3.3.8"
  bin:
    nanoid: bin/nanoid.cjs
  checksum: 10c0/4b1bb29f6cfebf3be3bc4ad1f1296fb0a10a3043a79f34fbffe75d1621b4318319211cd420549459018ea3592f0d2f159247a6f874911d6d26eaaadda2478120
  languageName: node
  linkType: hard

"next@npm:canary":
  version: 14.3.0-canary.62
  resolution: "next@npm:14.3.0-canary.62"
  dependencies:
    "@next/env": "npm:14.3.0-canary.62"
    "@next/swc-darwin-arm64": "npm:14.3.0-canary.62"
    "@next/swc-darwin-x64": "npm:14.3.0-canary.62"
    "@next/swc-linux-arm64-gnu": "npm:14.3.0-canary.62"
    "@next/swc-linux-arm64-musl": "npm:14.3.0-canary.62"
    "@next/swc-linux-x64-gnu": "npm:14.3.0-canary.62"
    "@next/swc-linux-x64-musl": "npm:14.3.0-canary.62"
    "@next/swc-win32-arm64-msvc": "npm:14.3.0-canary.62"
    "@next/swc-win32-ia32-msvc": "npm:14.3.0-canary.62"
    "@next/swc-win32-x64-msvc": "npm:14.3.0-canary.62"
    "@swc/helpers": "npm:0.5.11"
    busboy: "npm:1.6.0"
    caniuse-lite: "npm:^1.0.30001579"
    graceful-fs: "npm:^4.2.11"
    postcss: "npm:8.4.31"
    sharp: "npm:^0.33.3"
    styled-jsx: "npm:5.1.3"
  peerDependencies:
    "@opentelemetry/api": ^1.1.0
    "@playwright/test": ^1.41.2
    react: 19.0.0-beta-4508873393-20240430
    react-dom: 19.0.0-beta-4508873393-20240430
    sass: ^1.3.0
  dependenciesMeta:
    "@next/swc-darwin-arm64":
      optional: true
    "@next/swc-darwin-x64":
      optional: true
    "@next/swc-linux-arm64-gnu":
      optional: true
    "@next/swc-linux-arm64-musl":
      optional: true
    "@next/swc-linux-x64-gnu":
      optional: true
    "@next/swc-linux-x64-musl":
      optional: true
    "@next/swc-win32-arm64-msvc":
      optional: true
    "@next/swc-win32-ia32-msvc":
      optional: true
    "@next/swc-win32-x64-msvc":
      optional: true
    sharp:
      optional: true
  peerDependenciesMeta:
    "@opentelemetry/api":
      optional: true
    "@playwright/test":
      optional: true
    sass:
      optional: true
  bin:
    next: dist/bin/next
  checksum: 10c0/5fe7f43ba5d2f935e32a2b0e635b7da9ca0b020c4154689b85ea772088b66d181b139883e88c8fb9300a3a6016c9d3e32a2aacb7cee02e144465e96edf7c3cf0
  languageName: node
  linkType: hard

"picocolors@npm:^1.0.0":
  version: 1.0.1
  resolution: "picocolors@npm:1.0.1"
  checksum: 10c0/c63cdad2bf812ef0d66c8db29583802355d4ca67b9285d846f390cc15c2f6ccb94e8cb7eb6a6e97fc5990a6d3ad4ae42d86c84d3146e667c739a4234ed50d400
  languageName: node
  linkType: hard

"postcss@npm:8.4.31":
  version: 8.4.31
  resolution: "postcss@npm:8.4.31"
  dependencies:
    nanoid: "npm:^3.3.6"
    picocolors: "npm:^1.0.0"
    source-map-js: "npm:^1.0.2"
  checksum: 10c0/748b82e6e5fc34034dcf2ae88ea3d11fd09f69b6c50ecdd3b4a875cfc7cdca435c958b211e2cb52355422ab6fccb7d8f2f2923161d7a1b281029e4a913d59acf
  languageName: node
  linkType: hard

"react-dom@npm:19.0.0-beta-4508873393-20240430":
  version: 19.0.0-beta-4508873393-20240430
  resolution: "react-dom@npm:19.0.0-beta-4508873393-20240430"
  dependencies:
    scheduler: "npm:0.25.0-beta-4508873393-20240430"
  peerDependencies:
    react: 19.0.0-beta-4508873393-20240430
  checksum: 10c0/a6858bdf8b13992e25cd0a40b6a625884a448ab77798232cfb1b2642a5fc04d66e2ac6fd59fcbe433f7747c3b43e1af134412c23bcb0bf5905e6774883f404df
  languageName: node
  linkType: hard

"react@npm:19.0.0-beta-4508873393-20240430":
  version: 19.0.0-beta-4508873393-20240430
  resolution: "react@npm:19.0.0-beta-4508873393-20240430"
  checksum: 10c0/ecf0cc405393389a8a932f96ac4e69bf73facb066b4b32d8cae079582883179a1a7233051ab1f113ec738e5ae104d535bba5dccf484c35c3a9649e8702d66c53
  languageName: node
  linkType: hard

"root-workspace-0b6124@workspace:.":
  version: 0.0.0-use.local
  resolution: "root-workspace-0b6124@workspace:."
  dependencies:
    "@types/node": "npm:20.4.5"
    "@types/react": "npm:18.2.18"
    next: "npm:canary"
    react: "npm:19.0.0-beta-4508873393-20240430"
    react-dom: "npm:19.0.0-beta-4508873393-20240430"
    typescript: "npm:5.1.3"
  languageName: unknown
  linkType: soft

"scheduler@npm:0.25.0-beta-4508873393-20240430":
  version: 0.25.0-beta-4508873393-20240430
  resolution: "scheduler@npm:0.25.0-beta-4508873393-20240430"
  checksum: 10c0/ba79d3e54689f11d9724c5d556af496c05d63413f4bd25c5cead859518238f4ec7856b6dd66013228179a3c3f97f65877732376935de07714943b8c5f973191c
  languageName: node
  linkType: hard

"semver@npm:^7.6.0":
  version: 7.6.2
  resolution: "semver@npm:7.6.2"
  bin:
    semver: bin/semver.js
  checksum: 10c0/97d3441e97ace8be4b1976433d1c32658f6afaff09f143e52c593bae7eef33de19e3e369c88bd985ce1042c6f441c80c6803078d1de2a9988080b66684cbb30c
  languageName: node
  linkType: hard

"sharp@npm:^0.33.3":
  version: 0.33.3
  resolution: "sharp@npm:0.33.3"
  dependencies:
    "@img/sharp-darwin-arm64": "npm:0.33.3"
    "@img/sharp-darwin-x64": "npm:0.33.3"
    "@img/sharp-libvips-darwin-arm64": "npm:1.0.2"
    "@img/sharp-libvips-darwin-x64": "npm:1.0.2"
    "@img/sharp-libvips-linux-arm": "npm:1.0.2"
    "@img/sharp-libvips-linux-arm64": "npm:1.0.2"
    "@img/sharp-libvips-linux-s390x": "npm:1.0.2"
    "@img/sharp-libvips-linux-x64": "npm:1.0.2"
    "@img/sharp-libvips-linuxmusl-arm64": "npm:1.0.2"
    "@img/sharp-libvips-linuxmusl-x64": "npm:1.0.2"
    "@img/sharp-linux-arm": "npm:0.33.3"
    "@img/sharp-linux-arm64": "npm:0.33.3"
    "@img/sharp-linux-s390x": "npm:0.33.3"
    "@img/sharp-linux-x64": "npm:0.33.3"
    "@img/sharp-linuxmusl-arm64": "npm:0.33.3"
    "@img/sharp-linuxmusl-x64": "npm:0.33.3"
    "@img/sharp-wasm32": "npm:0.33.3"
    "@img/sharp-win32-ia32": "npm:0.33.3"
    "@img/sharp-win32-x64": "npm:0.33.3"
    color: "npm:^4.2.3"
    detect-libc: "npm:^2.0.3"
    semver: "npm:^7.6.0"
  dependenciesMeta:
    "@img/sharp-darwin-arm64":
      optional: true
    "@img/sharp-darwin-x64":
      optional: true
    "@img/sharp-libvips-darwin-arm64":
      optional: true
    "@img/sharp-libvips-darwin-x64":
      optional: true
    "@img/sharp-libvips-linux-arm":
      optional: true
    "@img/sharp-libvips-linux-arm64":
      optional: true
    "@img/sharp-libvips-linux-s390x":
      optional: true
    "@img/sharp-libvips-linux-x64":
      optional: true
    "@img/sharp-libvips-linuxmusl-arm64":
      optional: true
    "@img/sharp-libvips-linuxmusl-x64":
      optional: true
    "@img/sharp-linux-arm":
      optional: true
    "@img/sharp-linux-arm64":
      optional: true
    "@img/sharp-linux-s390x":
      optional: true
    "@img/sharp-linux-x64":
      optional: true
    "@img/sharp-linuxmusl-arm64":
      optional: true
    "@img/sharp-linuxmusl-x64":
      optional: true
    "@img/sharp-wasm32":
      optional: true
    "@img/sharp-win32-ia32":
      optional: true
    "@img/sharp-win32-x64":
      optional: true
  checksum: 10c0/12f5203426595b4e64c807162a6d52358b591d25fbb414a51fe38861584759fba38485be951ed98d15be3dfe21f2def5336f78ca35bf8bbd22d88cc78ca03f2a
  languageName: node
  linkType: hard

"simple-swizzle@npm:^0.2.2":
  version: 0.2.2
  resolution: "simple-swizzle@npm:0.2.2"
  dependencies:
    is-arrayish: "npm:^0.3.1"
  checksum: 10c0/df5e4662a8c750bdba69af4e8263c5d96fe4cd0f9fe4bdfa3cbdeb45d2e869dff640beaaeb1ef0e99db4d8d2ec92f85508c269f50c972174851bc1ae5bd64308
  languageName: node
  linkType: hard

"source-map-js@npm:^1.0.2":
  version: 1.2.0
  resolution: "source-map-js@npm:1.2.0"
  checksum: 10c0/7e5f896ac10a3a50fe2898e5009c58ff0dc102dcb056ed27a354623a0ece8954d4b2649e1a1b2b52ef2e161d26f8859c7710350930751640e71e374fe2d321a4
  languageName: node
  linkType: hard

"streamsearch@npm:^1.1.0":
  version: 1.1.0
  resolution: "streamsearch@npm:1.1.0"
  checksum: 10c0/fbd9aecc2621364384d157f7e59426f4bfd385e8b424b5aaa79c83a6f5a1c8fd2e4e3289e95de1eb3511cb96bb333d6281a9919fafce760e4edb35b2cd2facab
  languageName: node
  linkType: hard

"styled-jsx@npm:5.1.3":
  version: 5.1.3
  resolution: "styled-jsx@npm:5.1.3"
  dependencies:
    client-only: "npm:0.0.1"
  peerDependencies:
    react: ">= 16.8.0 || 17.x.x || ^18.0.0-0 || ^19.0.0-0"
  peerDependenciesMeta:
    "@babel/core":
      optional: true
    babel-plugin-macros:
      optional: true
  checksum: 10c0/338f2c1a47e6c39a8307ffe6afaf7b1069574a5c9e3291b1ca426d54160adc5b2ef5b0412bcf8366ee2f9db2b3ea1b45d7021c1cf9d7c391e12629619f77af8b
  languageName: node
  linkType: hard

"tslib@npm:^2.4.0":
  version: 2.6.2
  resolution: "tslib@npm:2.6.2"
  checksum: 10c0/e03a8a4271152c8b26604ed45535954c0a45296e32445b4b87f8a5abdb2421f40b59b4ca437c4346af0f28179780d604094eb64546bee2019d903d01c6c19bdb
  languageName: node
  linkType: hard

"typescript@npm:5.1.3":
  version: 5.1.3
  resolution: "typescript@npm:5.1.3"
  bin:
    tsc: bin/tsc
    tsserver: bin/tsserver
  checksum: 10c0/1faba8d5ffd4717864ddce767613c5ab77c1c8510c1ce21dc9b112a4c662357b9338dc0a6121615266d3a44ebec699f115ef2dabf18d9d7341ea1675692b9b24
  languageName: node
  linkType: hard

"typescript@patch:typescript@npm%3A5.1.3#optional!builtin<compat/typescript>":
  version: 5.1.3
  resolution: "typescript@patch:typescript@npm%3A5.1.3#optional!builtin<compat/typescript>::version=5.1.3&hash=5da071"
  bin:
    tsc: bin/tsc
    tsserver: bin/tsserver
  checksum: 10c0/769c5a11a9d5207ae5ce4c84b5c7a72ad92a28877a0061881ccfb326a43a1a1de79c4daff2f9d74720137744cfc9332fddbfbc4c3973c1e859b2f977f5d11b72
  languageName: node
  linkType: hard
